Microsoft Visual Studio Solution File, Format Version 12.00
# Visual Studio Version 18
VisualStudioVersion = 18.5.11716.220 stable
MinimumVisualStudioVersion = 10.0.40219.1
Project("{FAE04EC0-301F-11D3-BF4B-00C04F79EFBC}") = "VStudioCraft", "src\VStudioCraft\VStudioCraft.csproj", "{A8D1C7E2-3F9B-4C5D-8E2A-1B6D4F7C9E3A}"
EndProject
Project("{FAE04EC0-301F-11D3-BF4B-00C04F79EFBC}") = "VStudioCraft.Standalone", "src\VStudioCraft.Standalone\VStudioCraft.Standalone.csproj", "{B1D2E3F4-4321-6789-ABCD-EF0123456789}"
EndProject
Project("{2150E333-8FDC-42A3-9474-1A3956D46DE8}") = "Solution Items", "Solution Items", "{B1E686B0-286F-4B68-BDE0-5132638BE740}"
	ProjectSection(SolutionItems) = preProject
		features.md = features.md
	EndProjectSection
EndProject
Global
	GlobalSection(SolutionConfigurationPlatforms) = preSolution
		Debug|Any CPU = Debug|Any CPU
		Release|Any CPU = Release|Any CPU
	EndGlobalSection
	GlobalSection(ProjectConfigurationPlatforms) = postSolution
		{A8D1C7E2-3F9B-4C5D-8E2A-1B6D4F7C9E3A}.Debug|Any CPU.ActiveCfg = Debug|Any CPU
		{A8D1C7E2-3F9B-4C5D-8E2A-1B6D4F7C9E3A}.Debug|Any CPU.Build.0 = Debug|Any CPU
		{A8D1C7E2-3F9B-4C5D-8E2A-1B6D4F7C9E3A}.Release|Any CPU.ActiveCfg = Release|Any CPU
		{A8D1C7E2-3F9B-4C5D-8E2A-1B6D4F7C9E3A}.Release|Any CPU.Build.0 = Release|Any CPU
		{B1D2E3F4-4321-6789-ABCD-EF0123456789}.Debug|Any CPU.ActiveCfg = Debug|Any CPU
		{B1D2E3F4-4321-6789-ABCD-EF0123456789}.Debug|Any CPU.Build.0 = Debug|Any CPU
		{B1D2E3F4-4321-6789-ABCD-EF0123456789}.Release|Any CPU.ActiveCfg = Release|Any CPU
		{B1D2E3F4-4321-6789-ABCD-EF0123456789}.Release|Any CPU.Build.0 = Release|Any CPU
	EndGlobalSection
	GlobalSection(SolutionProperties) = preSolution
		HideSolutionNode = FALSE
	EndGlobalSection
	GlobalSection(ExtensibilityGlobals) = postSolution
		SolutionGuid = {BA6C7898-5F89-473B-954A-C6CD0BC29BF7}
	EndGlobalSection
EndGlobal
